
Microsoft Visual Studio Solution File, Format Version 12.00
# Visual Studio Version 16
VisualStudioVersion = 16.0.30717.126
MinimumVisualStudioVersion = 15.0.26124.0
Project("{2150E333-8FDC-42A3-9474-1A3956D46DE8}") = "domain", "domain", "{DD39D1AB-17D7-4EA3-8884-D2E7D65DD1A4}"
EndProject
Project("{9A19103F-16F7-4668-BE54-9A1E7A4F7556}") = "Store", "domain\Store\Store.csproj", "{0697DB29-AE5B-4CAA-8078-21A912DC2123}"
EndProject
Project("{2150E333-8FDC-42A3-9474-1A3956D46DE8}") = "infastructure", "infastructure", "{DB2516A4-5CA7-42D8-ACDE-46311E554998}"
EndProject
Project("{FAE04EC0-301F-11D3-BF4B-00C04F79EFBC}") = "Store.Memory", "infastructure\Store.Memory\Store.Memory.csproj", "{80434714-F90E-45A7-B9B9-22E3DBA61907}"
EndProject
Global
	GlobalSection(SolutionConfigurationPlatforms) = preSolution
		Debug|Any CPU = Debug|Any CPU
		Debug|x64 = Debug|x64
		Debug|x86 = Debug|x86
		Release|Any CPU = Release|Any CPU
		Release|x64 = Release|x64
		Release|x86 = Release|x86
	EndGlobalSection
	GlobalSection(ProjectConfigurationPlatforms) = postSolution
		{0697DB29-AE5B-4CAA-8078-21A912DC2123}.Debug|Any CPU.ActiveCfg = Debug|Any CPU
		{0697DB29-AE5B-4CAA-8078-21A912DC2123}.Debug|Any CPU.Build.0 = Debug|Any CPU
		{0697DB29-AE5B-4CAA-8078-21A912DC2123}.Debug|x64.ActiveCfg = Debug|Any CPU
		{0697DB29-AE5B-4CAA-8078-21A912DC2123}.Debug|x64.Build.0 = Debug|Any CPU
		{0697DB29-AE5B-4CAA-8078-21A912DC2123}.Debug|x86.ActiveCfg = Debug|Any CPU
		{0697DB29-AE5B-4CAA-8078-21A912DC2123}.Debug|x86.Build.0 = Debug|Any CPU
		{0697DB29-AE5B-4CAA-8078-21A912DC2123}.Release|Any CPU.ActiveCfg = Release|Any CPU
		{0697DB29-AE5B-4CAA-8078-21A912DC2123}.Release|Any CPU.Build.0 = Release|Any CPU
		{0697DB29-AE5B-4CAA-8078-21A912DC2123}.Release|x64.ActiveCfg = Release|Any CPU
		{0697DB29-AE5B-4CAA-8078-21A912DC2123}.Release|x64.Build.0 = Release|Any CPU
		{0697DB29-AE5B-4CAA-8078-21A912DC2123}.Release|x86.ActiveCfg = Release|Any CPU
		{0697DB29-AE5B-4CAA-8078-21A912DC2123}.Release|x86.Build.0 = Release|Any CPU
		{80434714-F90E-45A7-B9B9-22E3DBA61907}.Debug|Any CPU.ActiveCfg = Debug|Any CPU
		{80434714-F90E-45A7-B9B9-22E3DBA61907}.Debug|Any CPU.Build.0 = Debug|Any CPU
		{80434714-F90E-45A7-B9B9-22E3DBA61907}.Debug|x64.ActiveCfg = Debug|Any CPU
		{80434714-F90E-45A7-B9B9-22E3DBA61907}.Debug|x64.Build.0 = Debug|Any CPU
		{80434714-F90E-45A7-B9B9-22E3DBA61907}.Debug|x86.ActiveCfg = Debug|Any CPU
		{80434714-F90E-45A7-B9B9-22E3DBA61907}.Debug|x86.Build.0 = Debug|Any CPU
		{80434714-F90E-45A7-B9B9-22E3DBA61907}.Release|Any CPU.ActiveCfg = Release|Any CPU
		{80434714-F90E-45A7-B9B9-22E3DBA61907}.Release|Any CPU.Build.0 = Release|Any CPU
		{80434714-F90E-45A7-B9B9-22E3DBA61907}.Release|x64.ActiveCfg = Release|Any CPU
		{80434714-F90E-45A7-B9B9-22E3DBA61907}.Release|x64.Build.0 = Release|Any CPU
		{80434714-F90E-45A7-B9B9-22E3DBA61907}.Release|x86.ActiveCfg = Release|Any CPU
		{80434714-F90E-45A7-B9B9-22E3DBA61907}.Release|x86.Build.0 = Release|Any CPU
	EndGlobalSection
	GlobalSection(SolutionProperties) = preSolution
		HideSolutionNode = FALSE
	EndGlobalSection
	GlobalSection(NestedProjects) = preSolution
		{0697DB29-AE5B-4CAA-8078-21A912DC2123} = {DD39D1AB-17D7-4EA3-8884-D2E7D65DD1A4}
		{80434714-F90E-45A7-B9B9-22E3DBA61907} = {DB2516A4-5CA7-42D8-ACDE-46311E554998}
	EndGlobalSection
	GlobalSection(ExtensibilityGlobals) = postSolution
		SolutionGuid = {53574B87-312F-4332-8EEF-BF1AAD9F042D}
	EndGlobalSection
EndGlobal
